
Microsoft Visual Studio Solution File, Format Version 12.00
Project("{2150E333-8FDC-42A3-9474-1A3956D46DE8}") = "src", "src", "{8694FB97-C942-4FC6-95F7-E2279CE126D3}"
EndProject
Project("{2150E333-8FDC-42A3-9474-1A3956D46DE8}") = "test", "test", "{26E23371-D72F-4B54-BF1D-0D73AE8F545A}"
EndProject
Project("{FAE04EC0-301F-11D3-BF4B-00C04F79EFBC}") = "WebApi", "WebApi\WebApi.csproj", "{24782592-198F-4A12-AB6B-EDEE0EEFE1F2}"
EndProject
Project("{FAE04EC0-301F-11D3-BF4B-00C04F79EFBC}") = "Domain", "Domain\Domain.csproj", "{EEB48FC1-9CF7-4E89-B5D4-99C83B82F432}"
EndProject
Project("{FAE04EC0-301F-11D3-BF4B-00C04F79EFBC}") = "Infrastracture", "Infrastracture\Infrastracture.csproj", "{808321DF-0D77-441F-8AE4-BD4605E2796F}"
EndProject
Project("{FAE04EC0-301F-11D3-BF4B-00C04F79EFBC}") = "Application", "Application\Application.csproj", "{46400DB6-FAB7-4013-8BEB-E5664FAF690F}"
EndProject
Project("{FAE04EC0-301F-11D3-BF4B-00C04F79EFBC}") = "InvestmentCalculator", "InvestmentCalculator\InvestmentCalculator.csproj", "{7F467080-D521-499A-9A49-89B3BA4DE67E}"
EndProject
Global
	GlobalSection(SolutionConfigurationPlatforms) = preSolution
		Debug|Any CPU = Debug|Any CPU
		Release|Any CPU = Release|Any CPU
	EndGlobalSection
	GlobalSection(ProjectConfigurationPlatforms) = postSolution
		{24782592-198F-4A12-AB6B-EDEE0EEFE1F2}.Debug|Any CPU.ActiveCfg = Debug|Any CPU
		{24782592-198F-4A12-AB6B-EDEE0EEFE1F2}.Debug|Any CPU.Build.0 = Debug|Any CPU
		{24782592-198F-4A12-AB6B-EDEE0EEFE1F2}.Release|Any CPU.ActiveCfg = Release|Any CPU
		{24782592-198F-4A12-AB6B-EDEE0EEFE1F2}.Release|Any CPU.Build.0 = Release|Any CPU
		{EEB48FC1-9CF7-4E89-B5D4-99C83B82F432}.Debug|Any CPU.ActiveCfg = Debug|Any CPU
		{EEB48FC1-9CF7-4E89-B5D4-99C83B82F432}.Debug|Any CPU.Build.0 = Debug|Any CPU
		{EEB48FC1-9CF7-4E89-B5D4-99C83B82F432}.Release|Any CPU.ActiveCfg = Release|Any CPU
		{EEB48FC1-9CF7-4E89-B5D4-99C83B82F432}.Release|Any CPU.Build.0 = Release|Any CPU
		{808321DF-0D77-441F-8AE4-BD4605E2796F}.Debug|Any CPU.ActiveCfg = Debug|Any CPU
		{808321DF-0D77-441F-8AE4-BD4605E2796F}.Debug|Any CPU.Build.0 = Debug|Any CPU
		{808321DF-0D77-441F-8AE4-BD4605E2796F}.Release|Any CPU.ActiveCfg = Release|Any CPU
		{808321DF-0D77-441F-8AE4-BD4605E2796F}.Release|Any CPU.Build.0 = Release|Any CPU
		{46400DB6-FAB7-4013-8BEB-E5664FAF690F}.Debug|Any CPU.ActiveCfg = Debug|Any CPU
		{46400DB6-FAB7-4013-8BEB-E5664FAF690F}.Debug|Any CPU.Build.0 = Debug|Any CPU
		{46400DB6-FAB7-4013-8BEB-E5664FAF690F}.Release|Any CPU.ActiveCfg = Release|Any CPU
		{46400DB6-FAB7-4013-8BEB-E5664FAF690F}.Release|Any CPU.Build.0 = Release|Any CPU
		{7F467080-D521-499A-9A49-89B3BA4DE67E}.Debug|Any CPU.ActiveCfg = Debug|Any CPU
		{7F467080-D521-499A-9A49-89B3BA4DE67E}.Debug|Any CPU.Build.0 = Debug|Any CPU
		{7F467080-D521-499A-9A49-89B3BA4DE67E}.Release|Any CPU.ActiveCfg = Release|Any CPU
		{7F467080-D521-499A-9A49-89B3BA4DE67E}.Release|Any CPU.Build.0 = Release|Any CPU
	EndGlobalSection
	GlobalSection(NestedProjects) = preSolution
		{24782592-198F-4A12-AB6B-EDEE0EEFE1F2} = {8694FB97-C942-4FC6-95F7-E2279CE126D3}
		{EEB48FC1-9CF7-4E89-B5D4-99C83B82F432} = {8694FB97-C942-4FC6-95F7-E2279CE126D3}
		{808321DF-0D77-441F-8AE4-BD4605E2796F} = {8694FB97-C942-4FC6-95F7-E2279CE126D3}
		{46400DB6-FAB7-4013-8BEB-E5664FAF690F} = {8694FB97-C942-4FC6-95F7-E2279CE126D3}
		{7F467080-D521-499A-9A49-89B3BA4DE67E} = {8694FB97-C942-4FC6-95F7-E2279CE126D3}
	EndGlobalSection
EndGlobal
